
Microsoft Visual Studio Solution File, Format Version 12.00
# Visual Studio Version 17
VisualStudioVersion = 17.5.002.0
MinimumVisualStudioVersion = 10.0.40219.1
Project("{9A19103F-16F7-4668-BE54-9A1E7A4F7556}") = "01Conceitos", "01Conceitos.csproj", "{8DAD3515-FF53-485F-94F6-6D699F05BE7D}"
EndProject
Global
	GlobalSection(SolutionConfigurationPlatforms) = preSolution
		Debug|Any CPU = Debug|Any CPU
		Release|Any CPU = Release|Any CPU
	EndGlobalSection
	GlobalSection(ProjectConfigurationPlatforms) = postSolution
		{8DAD3515-FF53-485F-94F6-6D699F05BE7D}.Debug|Any CPU.ActiveCfg = Debug|Any CPU
		{8DAD3515-FF53-485F-94F6-6D699F05BE7D}.Debug|Any CPU.Build.0 = Debug|Any CPU
		{8DAD3515-FF53-485F-94F6-6D699F05BE7D}.Release|Any CPU.ActiveCfg = Release|Any CPU
		{8DAD3515-FF53-485F-94F6-6D699F05BE7D}.Release|Any CPU.Build.0 = Release|Any CPU
	EndGlobalSection
	GlobalSection(SolutionProperties) = preSolution
		HideSolutionNode = FALSE
	EndGlobalSection
	GlobalSection(ExtensibilityGlobals) = postSolution
		SolutionGuid = {8AEA5637-761A-414F-835D-21C7ECD98328}
	EndGlobalSection
EndGlobal
