
Microsoft Visual Studio Solution File, Format Version 12.00
# Visual Studio Version 17
VisualStudioVersion = 17.5.002.0
MinimumVisualStudioVersion = 10.0.40219.1
Project("{9A19103F-16F7-4668-BE54-9A1E7A4F7556}") = "Write", "Write\Write.csproj", "{81CD96D7-CCFF-41FD-A32B-1D51E74DC387}"
EndProject
Global
	GlobalSection(SolutionConfigurationPlatforms) = preSolution
		Debug|Any CPU = Debug|Any CPU
		Release|Any CPU = Release|Any CPU
	EndGlobalSection
	GlobalSection(ProjectConfigurationPlatforms) = postSolution
		{81CD96D7-CCFF-41FD-A32B-1D51E74DC387}.Debug|Any CPU.ActiveCfg = Debug|Any CPU
		{81CD96D7-CCFF-41FD-A32B-1D51E74DC387}.Debug|Any CPU.Build.0 = Debug|Any CPU
		{81CD96D7-CCFF-41FD-A32B-1D51E74DC387}.Release|Any CPU.ActiveCfg = Release|Any CPU
		{81CD96D7-CCFF-41FD-A32B-1D51E74DC387}.Release|Any CPU.Build.0 = Release|Any CPU
	EndGlobalSection
	GlobalSection(SolutionProperties) = preSolution
		HideSolutionNode = FALSE
	EndGlobalSection
	GlobalSection(ExtensibilityGlobals) = postSolution
		SolutionGuid = {6D73C5D2-FBB6-433D-BD1A-B585563AF3B2}
	EndGlobalSection
EndGlobal
