
Microsoft Visual Studio Solution File, Format Version 12.00
# Visual Studio Version 17
VisualStudioVersion = 17.5.002.0
MinimumVisualStudioVersion = 10.0.40219.1
Project("{2150E333-8FDC-42A3-9474-1A3956D46DE8}") = "Video03", "Video03", "{BDA0A36F-856B-4B10-9A85-695F2D1E7EA6}"
EndProject
Project("{9A19103F-16F7-4668-BE54-9A1E7A4F7556}") = "Data_Types", "Video03\Data_Types\Data_Types.csproj", "{C8C04450-F4C9-4DCB-BA65-CDD30672DD4E}"
EndProject
Project("{2150E333-8FDC-42A3-9474-1A3956D46DE8}") = "Video15", "Video15", "{6235D531-11CD-4710-BD5F-DC3B1CF91CF4}"
EndProject
Project("{9A19103F-16F7-4668-BE54-9A1E7A4F7556}") = "Constructor", "Video15\Constructor\Constructor.csproj", "{0C7CED8C-1627-410B-B211-49D10300D558}"
EndProject
Project("{2150E333-8FDC-42A3-9474-1A3956D46DE8}") = "Video02", "Video02", "{EA6D5467-A1F4-4616-83E3-B0A00FB909C9}"
EndProject
Project("{9A19103F-16F7-4668-BE54-9A1E7A4F7556}") = "Variables", "Video02\Variables\Variables.csproj", "{7F3D4655-0DCD-47BF-8426-225A7BC5776E}"
EndProject
Project("{2150E333-8FDC-42A3-9474-1A3956D46DE8}") = "Video01", "Video01", "{DC99AD7F-9704-439D-A593-BF6646DC0A7E}"
EndProject
Project("{9A19103F-16F7-4668-BE54-9A1E7A4F7556}") = "Hello_World", "Video01\Hello_World\Hello_World.csproj", "{092BED2B-BEAE-4ADF-A716-00A5ECCFA095}"
EndProject
Project("{2150E333-8FDC-42A3-9474-1A3956D46DE8}") = "Video07", "Video07", "{6EFFE931-CD7C-4478-ADFC-678474A485A7}"
EndProject
Project("{9A19103F-16F7-4668-BE54-9A1E7A4F7556}") = "IfElse", "Video07\IfElse\IfElse.csproj", "{B43682D6-FCB5-4A09-80A9-63DB9DD8D1B4}"
EndProject
Project("{2150E333-8FDC-42A3-9474-1A3956D46DE8}") = "Video09", "Video09", "{2378C9A6-3842-403A-B12B-22315789E2CF}"
EndProject
Project("{9A19103F-16F7-4668-BE54-9A1E7A4F7556}") = "Switch", "Video09\Switch\Switch.csproj", "{71E20345-9FFD-47EC-AC99-E106981898BF}"
EndProject
Project("{2150E333-8FDC-42A3-9474-1A3956D46DE8}") = "Video17", "Video17", "{4FDD076A-0A62-4B92-ACF9-E5F27F2E18F2}"
EndProject
Project("{9A19103F-16F7-4668-BE54-9A1E7A4F7556}") = "List", "Video17\List\List.csproj", "{38F554CD-D9CD-425F-910E-39E0FE923177}"
EndProject
Project("{2150E333-8FDC-42A3-9474-1A3956D46DE8}") = "Video12", "Video12", "{26C6FBCF-9B30-408C-9379-2C5564EAF490}"
EndProject
Project("{9A19103F-16F7-4668-BE54-9A1E7A4F7556}") = "Methods", "Video12\Methods\Methods.csproj", "{4BB11E2E-8F7A-4F0A-9BAC-DACC78D75147}"
EndProject
Project("{2150E333-8FDC-42A3-9474-1A3956D46DE8}") = "Video13", "Video13", "{C9DFC54C-D827-4B2E-996D-29A943C8FEB0}"
EndProject
Project("{9A19103F-16F7-4668-BE54-9A1E7A4F7556}") = "Tuple", "Video13\Tuple\Tuple.csproj", "{45883C13-6F10-4D62-8434-A34C1CE962C7}"
EndProject
Project("{2150E333-8FDC-42A3-9474-1A3956D46DE8}") = "Video10", "Video10", "{37B406B1-3ECD-4011-A907-F89E184589DF}"
EndProject
Project("{9A19103F-16F7-4668-BE54-9A1E7A4F7556}") = "While", "Video10\While\While.csproj", "{056676C8-EB4D-4795-A78B-C25FF4A23AED}"
EndProject
Project("{2150E333-8FDC-42A3-9474-1A3956D46DE8}") = "Video19", "Video19", "{EDBCB23C-2D4E-4964-9C4B-4278C05D0ED7}"
EndProject
Project("{9A19103F-16F7-4668-BE54-9A1E7A4F7556}") = "Delegates_Func_Action", "Video19\Delegates_Func_Action\Delegates_Func_Action.csproj", "{DBBCD2B2-A2BB-46B1-8156-EA62606E0D86}"
EndProject
Project("{2150E333-8FDC-42A3-9474-1A3956D46DE8}") = "Video21", "Video21", "{6FE6AFE6-1A7D-4A83-BB1E-D1F13AC51795}"
EndProject
Project("{9A19103F-16F7-4668-BE54-9A1E7A4F7556}") = "HashSet", "Video21\HashSet\HashSet.csproj", "{9C1B87A8-F055-40A5-B728-11DD1A37B2DA}"
EndProject
Project("{2150E333-8FDC-42A3-9474-1A3956D46DE8}") = "Video08", "Video08", "{B38A0BE8-08CA-4F1E-876E-A2C052748922}"
EndProject
Project("{9A19103F-16F7-4668-BE54-9A1E7A4F7556}") = "Enum", "Video08\Enum\Enum.csproj", "{794D6DB6-FE55-4F68-A2F3-566F44390598}"
EndProject
Project("{2150E333-8FDC-42A3-9474-1A3956D46DE8}") = "Video11", "Video11", "{02B80FE6-760A-404D-BA72-7BBD8EBD272B}"
EndProject
Project("{9A19103F-16F7-4668-BE54-9A1E7A4F7556}") = "Class", "Video11\Class\Class.csproj", "{E9C86E4F-88C0-42FE-BE58-F758FF1719CF}"
EndProject
Project("{2150E333-8FDC-42A3-9474-1A3956D46DE8}") = "Video04", "Video04", "{7AC87A74-1769-4017-B821-C341415A2645}"
EndProject
Project("{9A19103F-16F7-4668-BE54-9A1E7A4F7556}") = "Strings", "Video04\Strings\Strings.csproj", "{F31EDA9F-EA7F-4DDC-964F-74ED518A4C48}"
EndProject
Project("{2150E333-8FDC-42A3-9474-1A3956D46DE8}") = "Video14", "Video14", "{5A0F9B34-B93B-4141-9F3E-91B13F331226}"
EndProject
Project("{9A19103F-16F7-4668-BE54-9A1E7A4F7556}") = "Exception_Error", "Video14\Exception_Error\Exception_Error.csproj", "{80C9123F-3625-44E9-A8CF-D5C533DE8A2D}"
EndProject
Project("{2150E333-8FDC-42A3-9474-1A3956D46DE8}") = "Video20", "Video20", "{B78411CA-1ACE-45C0-9A17-9209D9E273C3}"
EndProject
Project("{9A19103F-16F7-4668-BE54-9A1E7A4F7556}") = "Dictionary", "Video20\Dictionary\Dictionary.csproj", "{F0090F5A-0A6C-424E-8C6B-5230DD15CC69}"
EndProject
Project("{2150E333-8FDC-42A3-9474-1A3956D46DE8}") = "Video06", "Video06", "{F23D4276-48B8-464D-BDEB-8E03AED04D7F}"
EndProject
Project("{9A19103F-16F7-4668-BE54-9A1E7A4F7556}") = "For_Foreach", "Video06\For_Foreach\For_Foreach.csproj", "{DDEB2C36-921C-4E45-93DE-363C7A6B09D0}"
EndProject
Project("{2150E333-8FDC-42A3-9474-1A3956D46DE8}") = "Video05", "Video05", "{8777BB08-441B-4254-89B1-6DF6F8A4D29F}"
EndProject
Project("{9A19103F-16F7-4668-BE54-9A1E7A4F7556}") = "Arrays", "Video05\Arrays\Arrays.csproj", "{237A0BFD-F270-42FC-8646-CE09AF13C4F3}"
EndProject
Project("{2150E333-8FDC-42A3-9474-1A3956D46DE8}") = "Video16", "Video16", "{A9659D55-88B5-466F-BCF2-5CFD1A23A2D7}"
EndProject
Project("{9A19103F-16F7-4668-BE54-9A1E7A4F7556}") = "Static", "Video16\Static\Static.csproj", "{F00DF528-D3E2-4DC5-835E-492C127AD187}"
EndProject
Project("{2150E333-8FDC-42A3-9474-1A3956D46DE8}") = "Video18", "Video18", "{2F38FFFE-1ED2-4B04-A202-85CCE92D335F}"
EndProject
Project("{9A19103F-16F7-4668-BE54-9A1E7A4F7556}") = "Records", "Video18\Records\Records.csproj", "{9C848875-46FD-4A30-91AA-B31CF30C839E}"
EndProject
Global
	GlobalSection(SolutionConfigurationPlatforms) = preSolution
		Debug|Any CPU = Debug|Any CPU
		Release|Any CPU = Release|Any CPU
	EndGlobalSection
	GlobalSection(ProjectConfigurationPlatforms) = postSolution
		{C8C04450-F4C9-4DCB-BA65-CDD30672DD4E}.Debug|Any CPU.ActiveCfg = Debug|Any CPU
		{C8C04450-F4C9-4DCB-BA65-CDD30672DD4E}.Debug|Any CPU.Build.0 = Debug|Any CPU
		{C8C04450-F4C9-4DCB-BA65-CDD30672DD4E}.Release|Any CPU.ActiveCfg = Release|Any CPU
		{C8C04450-F4C9-4DCB-BA65-CDD30672DD4E}.Release|Any CPU.Build.0 = Release|Any CPU
		{0C7CED8C-1627-410B-B211-49D10300D558}.Debug|Any CPU.ActiveCfg = Debug|Any CPU
		{0C7CED8C-1627-410B-B211-49D10300D558}.Debug|Any CPU.Build.0 = Debug|Any CPU
		{0C7CED8C-1627-410B-B211-49D10300D558}.Release|Any CPU.ActiveCfg = Release|Any CPU
		{0C7CED8C-1627-410B-B211-49D10300D558}.Release|Any CPU.Build.0 = Release|Any CPU
		{7F3D4655-0DCD-47BF-8426-225A7BC5776E}.Debug|Any CPU.ActiveCfg = Debug|Any CPU
		{7F3D4655-0DCD-47BF-8426-225A7BC5776E}.Debug|Any CPU.Build.0 = Debug|Any CPU
		{7F3D4655-0DCD-47BF-8426-225A7BC5776E}.Release|Any CPU.ActiveCfg = Release|Any CPU
		{7F3D4655-0DCD-47BF-8426-225A7BC5776E}.Release|Any CPU.Build.0 = Release|Any CPU
		{092BED2B-BEAE-4ADF-A716-00A5ECCFA095}.Debug|Any CPU.ActiveCfg = Debug|Any CPU
		{092BED2B-BEAE-4ADF-A716-00A5ECCFA095}.Debug|Any CPU.Build.0 = Debug|Any CPU
		{092BED2B-BEAE-4ADF-A716-00A5ECCFA095}.Release|Any CPU.ActiveCfg = Release|Any CPU
		{092BED2B-BEAE-4ADF-A716-00A5ECCFA095}.Release|Any CPU.Build.0 = Release|Any CPU
		{B43682D6-FCB5-4A09-80A9-63DB9DD8D1B4}.Debug|Any CPU.ActiveCfg = Debug|Any CPU
		{B43682D6-FCB5-4A09-80A9-63DB9DD8D1B4}.Debug|Any CPU.Build.0 = Debug|Any CPU
		{B43682D6-FCB5-4A09-80A9-63DB9DD8D1B4}.Release|Any CPU.ActiveCfg = Release|Any CPU
		{B43682D6-FCB5-4A09-80A9-63DB9DD8D1B4}.Release|Any CPU.Build.0 = Release|Any CPU
		{71E20345-9FFD-47EC-AC99-E106981898BF}.Debug|Any CPU.ActiveCfg = Debug|Any CPU
		{71E20345-9FFD-47EC-AC99-E106981898BF}.Debug|Any CPU.Build.0 = Debug|Any CPU
		{71E20345-9FFD-47EC-AC99-E106981898BF}.Release|Any CPU.ActiveCfg = Release|Any CPU
		{71E20345-9FFD-47EC-AC99-E106981898BF}.Release|Any CPU.Build.0 = Release|Any CPU
		{38F554CD-D9CD-425F-910E-39E0FE923177}.Debug|Any CPU.ActiveCfg = Debug|Any CPU
		{38F554CD-D9CD-425F-910E-39E0FE923177}.Debug|Any CPU.Build.0 = Debug|Any CPU
		{38F554CD-D9CD-425F-910E-39E0FE923177}.Release|Any CPU.ActiveCfg = Release|Any CPU
		{38F554CD-D9CD-425F-910E-39E0FE923177}.Release|Any CPU.Build.0 = Release|Any CPU
		{4BB11E2E-8F7A-4F0A-9BAC-DACC78D75147}.Debug|Any CPU.ActiveCfg = Debug|Any CPU
		{4BB11E2E-8F7A-4F0A-9BAC-DACC78D75147}.Debug|Any CPU.Build.0 = Debug|Any CPU
		{4BB11E2E-8F7A-4F0A-9BAC-DACC78D75147}.Release|Any CPU.ActiveCfg = Release|Any CPU
		{4BB11E2E-8F7A-4F0A-9BAC-DACC78D75147}.Release|Any CPU.Build.0 = Release|Any CPU
		{45883C13-6F10-4D62-8434-A34C1CE962C7}.Debug|Any CPU.ActiveCfg = Debug|Any CPU
		{45883C13-6F10-4D62-8434-A34C1CE962C7}.Debug|Any CPU.Build.0 = Debug|Any CPU
		{45883C13-6F10-4D62-8434-A34C1CE962C7}.Release|Any CPU.ActiveCfg = Release|Any CPU
		{45883C13-6F10-4D62-8434-A34C1CE962C7}.Release|Any CPU.Build.0 = Release|Any CPU
		{056676C8-EB4D-4795-A78B-C25FF4A23AED}.Debug|Any CPU.ActiveCfg = Debug|Any CPU
		{056676C8-EB4D-4795-A78B-C25FF4A23AED}.Debug|Any CPU.Build.0 = Debug|Any CPU
		{056676C8-EB4D-4795-A78B-C25FF4A23AED}.Release|Any CPU.ActiveCfg = Release|Any CPU
		{056676C8-EB4D-4795-A78B-C25FF4A23AED}.Release|Any CPU.Build.0 = Release|Any CPU
		{DBBCD2B2-A2BB-46B1-8156-EA62606E0D86}.Debug|Any CPU.ActiveCfg = Debug|Any CPU
		{DBBCD2B2-A2BB-46B1-8156-EA62606E0D86}.Debug|Any CPU.Build.0 = Debug|Any CPU
		{DBBCD2B2-A2BB-46B1-8156-EA62606E0D86}.Release|Any CPU.ActiveCfg = Release|Any CPU
		{DBBCD2B2-A2BB-46B1-8156-EA62606E0D86}.Release|Any CPU.Build.0 = Release|Any CPU
		{9C1B87A8-F055-40A5-B728-11DD1A37B2DA}.Debug|Any CPU.ActiveCfg = Debug|Any CPU
		{9C1B87A8-F055-40A5-B728-11DD1A37B2DA}.Debug|Any CPU.Build.0 = Debug|Any CPU
		{9C1B87A8-F055-40A5-B728-11DD1A37B2DA}.Release|Any CPU.ActiveCfg = Release|Any CPU
		{9C1B87A8-F055-40A5-B728-11DD1A37B2DA}.Release|Any CPU.Build.0 = Release|Any CPU
		{794D6DB6-FE55-4F68-A2F3-566F44390598}.Debug|Any CPU.ActiveCfg = Debug|Any CPU
		{794D6DB6-FE55-4F68-A2F3-566F44390598}.Debug|Any CPU.Build.0 = Debug|Any CPU
		{794D6DB6-FE55-4F68-A2F3-566F44390598}.Release|Any CPU.ActiveCfg = Release|Any CPU
		{794D6DB6-FE55-4F68-A2F3-566F44390598}.Release|Any CPU.Build.0 = Release|Any CPU
		{E9C86E4F-88C0-42FE-BE58-F758FF1719CF}.Debug|Any CPU.ActiveCfg = Debug|Any CPU
		{E9C86E4F-88C0-42FE-BE58-F758FF1719CF}.Debug|Any CPU.Build.0 = Debug|Any CPU
		{E9C86E4F-88C0-42FE-BE58-F758FF1719CF}.Release|Any CPU.ActiveCfg = Release|Any CPU
		{E9C86E4F-88C0-42FE-BE58-F758FF1719CF}.Release|Any CPU.Build.0 = Release|Any CPU
		{F31EDA9F-EA7F-4DDC-964F-74ED518A4C48}.Debug|Any CPU.ActiveCfg = Debug|Any CPU
		{F31EDA9F-EA7F-4DDC-964F-74ED518A4C48}.Debug|Any CPU.Build.0 = Debug|Any CPU
		{F31EDA9F-EA7F-4DDC-964F-74ED518A4C48}.Release|Any CPU.ActiveCfg = Release|Any CPU
		{F31EDA9F-EA7F-4DDC-964F-74ED518A4C48}.Release|Any CPU.Build.0 = Release|Any CPU
		{80C9123F-3625-44E9-A8CF-D5C533DE8A2D}.Debug|Any CPU.ActiveCfg = Debug|Any CPU
		{80C9123F-3625-44E9-A8CF-D5C533DE8A2D}.Debug|Any CPU.Build.0 = Debug|Any CPU
		{80C9123F-3625-44E9-A8CF-D5C533DE8A2D}.Release|Any CPU.ActiveCfg = Release|Any CPU
		{80C9123F-3625-44E9-A8CF-D5C533DE8A2D}.Release|Any CPU.Build.0 = Release|Any CPU
		{F0090F5A-0A6C-424E-8C6B-5230DD15CC69}.Debug|Any CPU.ActiveCfg = Debug|Any CPU
		{F0090F5A-0A6C-424E-8C6B-5230DD15CC69}.Debug|Any CPU.Build.0 = Debug|Any CPU
		{F0090F5A-0A6C-424E-8C6B-5230DD15CC69}.Release|Any CPU.ActiveCfg = Release|Any CPU
		{F0090F5A-0A6C-424E-8C6B-5230DD15CC69}.Release|Any CPU.Build.0 = Release|Any CPU
		{DDEB2C36-921C-4E45-93DE-363C7A6B09D0}.Debug|Any CPU.ActiveCfg = Debug|Any CPU
		{DDEB2C36-921C-4E45-93DE-363C7A6B09D0}.Debug|Any CPU.Build.0 = Debug|Any CPU
		{DDEB2C36-921C-4E45-93DE-363C7A6B09D0}.Release|Any CPU.ActiveCfg = Release|Any CPU
		{DDEB2C36-921C-4E45-93DE-363C7A6B09D0}.Release|Any CPU.Build.0 = Release|Any CPU
		{237A0BFD-F270-42FC-8646-CE09AF13C4F3}.Debug|Any CPU.ActiveCfg = Debug|Any CPU
		{237A0BFD-F270-42FC-8646-CE09AF13C4F3}.Debug|Any CPU.Build.0 = Debug|Any CPU
		{237A0BFD-F270-42FC-8646-CE09AF13C4F3}.Release|Any CPU.ActiveCfg = Release|Any CPU
		{237A0BFD-F270-42FC-8646-CE09AF13C4F3}.Release|Any CPU.Build.0 = Release|Any CPU
		{F00DF528-D3E2-4DC5-835E-492C127AD187}.Debug|Any CPU.ActiveCfg = Debug|Any CPU
		{F00DF528-D3E2-4DC5-835E-492C127AD187}.Debug|Any CPU.Build.0 = Debug|Any CPU
		{F00DF528-D3E2-4DC5-835E-492C127AD187}.Release|Any CPU.ActiveCfg = Release|Any CPU
		{F00DF528-D3E2-4DC5-835E-492C127AD187}.Release|Any CPU.Build.0 = Release|Any CPU
		{9C848875-46FD-4A30-91AA-B31CF30C839E}.Debug|Any CPU.ActiveCfg = Debug|Any CPU
		{9C848875-46FD-4A30-91AA-B31CF30C839E}.Debug|Any CPU.Build.0 = Debug|Any CPU
		{9C848875-46FD-4A30-91AA-B31CF30C839E}.Release|Any CPU.ActiveCfg = Release|Any CPU
		{9C848875-46FD-4A30-91AA-B31CF30C839E}.Release|Any CPU.Build.0 = Release|Any CPU
	EndGlobalSection
	GlobalSection(SolutionProperties) = preSolution
		HideSolutionNode = FALSE
	EndGlobalSection
	GlobalSection(NestedProjects) = preSolution
		{C8C04450-F4C9-4DCB-BA65-CDD30672DD4E} = {BDA0A36F-856B-4B10-9A85-695F2D1E7EA6}
		{0C7CED8C-1627-410B-B211-49D10300D558} = {6235D531-11CD-4710-BD5F-DC3B1CF91CF4}
		{7F3D4655-0DCD-47BF-8426-225A7BC5776E} = {EA6D5467-A1F4-4616-83E3-B0A00FB909C9}
		{092BED2B-BEAE-4ADF-A716-00A5ECCFA095} = {DC99AD7F-9704-439D-A593-BF6646DC0A7E}
		{B43682D6-FCB5-4A09-80A9-63DB9DD8D1B4} = {6EFFE931-CD7C-4478-ADFC-678474A485A7}
		{71E20345-9FFD-47EC-AC99-E106981898BF} = {2378C9A6-3842-403A-B12B-22315789E2CF}
		{38F554CD-D9CD-425F-910E-39E0FE923177} = {4FDD076A-0A62-4B92-ACF9-E5F27F2E18F2}
		{4BB11E2E-8F7A-4F0A-9BAC-DACC78D75147} = {26C6FBCF-9B30-408C-9379-2C5564EAF490}
		{45883C13-6F10-4D62-8434-A34C1CE962C7} = {C9DFC54C-D827-4B2E-996D-29A943C8FEB0}
		{056676C8-EB4D-4795-A78B-C25FF4A23AED} = {37B406B1-3ECD-4011-A907-F89E184589DF}
		{DBBCD2B2-A2BB-46B1-8156-EA62606E0D86} = {EDBCB23C-2D4E-4964-9C4B-4278C05D0ED7}
		{9C1B87A8-F055-40A5-B728-11DD1A37B2DA} = {6FE6AFE6-1A7D-4A83-BB1E-D1F13AC51795}
		{794D6DB6-FE55-4F68-A2F3-566F44390598} = {B38A0BE8-08CA-4F1E-876E-A2C052748922}
		{E9C86E4F-88C0-42FE-BE58-F758FF1719CF} = {02B80FE6-760A-404D-BA72-7BBD8EBD272B}
		{F31EDA9F-EA7F-4DDC-964F-74ED518A4C48} = {7AC87A74-1769-4017-B821-C341415A2645}
		{80C9123F-3625-44E9-A8CF-D5C533DE8A2D} = {5A0F9B34-B93B-4141-9F3E-91B13F331226}
		{F0090F5A-0A6C-424E-8C6B-5230DD15CC69} = {B78411CA-1ACE-45C0-9A17-9209D9E273C3}
		{DDEB2C36-921C-4E45-93DE-363C7A6B09D0} = {F23D4276-48B8-464D-BDEB-8E03AED04D7F}
		{237A0BFD-F270-42FC-8646-CE09AF13C4F3} = {8777BB08-441B-4254-89B1-6DF6F8A4D29F}
		{F00DF528-D3E2-4DC5-835E-492C127AD187} = {A9659D55-88B5-466F-BCF2-5CFD1A23A2D7}
		{9C848875-46FD-4A30-91AA-B31CF30C839E} = {2F38FFFE-1ED2-4B04-A202-85CCE92D335F}
	EndGlobalSection
	GlobalSection(ExtensibilityGlobals) = postSolution
		SolutionGuid = {B9B0495B-E961-4A79-A42A-DC2D7DCDC707}
	EndGlobalSection
EndGlobal
