
Microsoft Visual Studio Solution File, Format Version 12.00
# Visual Studio Version 17
VisualStudioVersion = 17.5.002.0
MinimumVisualStudioVersion = 10.0.40219.1
Project("{9A19103F-16F7-4668-BE54-9A1E7A4F7556}") = "14Interface", "14Interface.csproj", "{FB153B8A-7C73-4E02-84A8-71A3E11A8BD5}"
EndProject
Global
	GlobalSection(SolutionConfigurationPlatforms) = preSolution
		Debug|Any CPU = Debug|Any CPU
		Release|Any CPU = Release|Any CPU
	EndGlobalSection
	GlobalSection(ProjectConfigurationPlatforms) = postSolution
		{FB153B8A-7C73-4E02-84A8-71A3E11A8BD5}.Debug|Any CPU.ActiveCfg = Debug|Any CPU
		{FB153B8A-7C73-4E02-84A8-71A3E11A8BD5}.Debug|Any CPU.Build.0 = Debug|Any CPU
		{FB153B8A-7C73-4E02-84A8-71A3E11A8BD5}.Release|Any CPU.ActiveCfg = Release|Any CPU
		{FB153B8A-7C73-4E02-84A8-71A3E11A8BD5}.Release|Any CPU.Build.0 = Release|Any CPU
	EndGlobalSection
	GlobalSection(SolutionProperties) = preSolution
		HideSolutionNode = FALSE
	EndGlobalSection
	GlobalSection(ExtensibilityGlobals) = postSolution
		SolutionGuid = {1D4081B5-FAA2-4470-96DC-ADB862950626}
	EndGlobalSection
EndGlobal
