
Microsoft Visual Studio Solution File, Format Version 12.00
# Visual Studio Version 17
VisualStudioVersion = 17.5.002.0
MinimumVisualStudioVersion = 10.0.40219.1
Project("{9A19103F-16F7-4668-BE54-9A1E7A4F7556}") = "AbrstractDataTypes", "AbrstractDataTypes.csproj", "{F2B61243-D71C-48BD-8C50-879FDD86E411}"
EndProject
Global
	GlobalSection(SolutionConfigurationPlatforms) = preSolution
		Debug|Any CPU = Debug|Any CPU
		Release|Any CPU = Release|Any CPU
	EndGlobalSection
	GlobalSection(ProjectConfigurationPlatforms) = postSolution
		{F2B61243-D71C-48BD-8C50-879FDD86E411}.Debug|Any CPU.ActiveCfg = Debug|Any CPU
		{F2B61243-D71C-48BD-8C50-879FDD86E411}.Debug|Any CPU.Build.0 = Debug|Any CPU
		{F2B61243-D71C-48BD-8C50-879FDD86E411}.Release|Any CPU.ActiveCfg = Release|Any CPU
		{F2B61243-D71C-48BD-8C50-879FDD86E411}.Release|Any CPU.Build.0 = Release|Any CPU
	EndGlobalSection
	GlobalSection(SolutionProperties) = preSolution
		HideSolutionNode = FALSE
	EndGlobalSection
	GlobalSection(ExtensibilityGlobals) = postSolution
		SolutionGuid = {AD3D551E-3425-45FA-A69F-26DF98747104}
	EndGlobalSection
EndGlobal
